
Microsoft Visual Studio Solution File, Format Version 12.00
# Visual Studio Version 17
VisualStudioVersion = 17.7.34031.279
MinimumVisualStudioVersion = 10.0.40219.1
Project("{FAE04EC0-301F-11D3-BF4B-00C04F79EFBC}") = "P520233_EmmanuelPerez", "P520233_EmmanuelPerez\P520233_EmmanuelPerez.csproj", "{5137C4F0-F80C-40A0-880B-36E30280AD7A}"
	ProjectSection(ProjectDependencies) = postProject
		{03769A03-95D9-4C00-AB1D-39B378EC5BC4} = {03769A03-95D9-4C00-AB1D-39B378EC5BC4}
	EndProjectSection
EndProject
Project("{FAE04EC0-301F-11D3-BF4B-00C04F79EFBC}") = "Logica", "Logica\Logica.csproj", "{03769A03-95D9-4C00-AB1D-39B378EC5BC4}"
EndProject
Global
	GlobalSection(SolutionConfigurationPlatforms) = preSolution
		Debug|Any CPU = Debug|Any CPU
		Release|Any CPU = Release|Any CPU
	EndGlobalSection
	GlobalSection(ProjectConfigurationPlatforms) = postSolution
		{5137C4F0-F80C-40A0-880B-36E30280AD7A}.Debug|Any CPU.ActiveCfg = Debug|Any CPU
		{5137C4F0-F80C-40A0-880B-36E30280AD7A}.Debug|Any CPU.Build.0 = Debug|Any CPU
		{5137C4F0-F80C-40A0-880B-36E30280AD7A}.Release|Any CPU.ActiveCfg = Release|Any CPU
		{5137C4F0-F80C-40A0-880B-36E30280AD7A}.Release|Any CPU.Build.0 = Release|Any CPU
		{03769A03-95D9-4C00-AB1D-39B378EC5BC4}.Debug|Any CPU.ActiveCfg = Debug|Any CPU
		{03769A03-95D9-4C00-AB1D-39B378EC5BC4}.Debug|Any CPU.Build.0 = Debug|Any CPU
		{03769A03-95D9-4C00-AB1D-39B378EC5BC4}.Release|Any CPU.ActiveCfg = Release|Any CPU
		{03769A03-95D9-4C00-AB1D-39B378EC5BC4}.Release|Any CPU.Build.0 = Release|Any CPU
	EndGlobalSection
	GlobalSection(SolutionProperties) = preSolution
		HideSolutionNode = FALSE
	EndGlobalSection
	GlobalSection(ExtensibilityGlobals) = postSolution
		SolutionGuid = {A637E42F-830B-452B-8E5E-A2B0F0DBDDFB}
	EndGlobalSection
EndGlobal
